
Microsoft Visual Studio Solution File, Format Version 12.00
# Visual Studio Version 17
VisualStudioVersion = 17.11.35222.181
MinimumVisualStudioVersion = 10.0.40219.1
Project("{FAE04EC0-301F-11D3-BF4B-00C04F79EFBC}") = "lab4.11", "lab4.11\lab4.11.csproj", "{C7152AE3-3855-4F19-A537-BF5F7AD22AC7}"
EndProject
Global
	GlobalSection(SolutionConfigurationPlatforms) = preSolution
		Debug|Any CPU = Debug|Any CPU
		Release|Any CPU = Release|Any CPU
	EndGlobalSection
	GlobalSection(ProjectConfigurationPlatforms) = postSolution
		{C7152AE3-3855-4F19-A537-BF5F7AD22AC7}.Debug|Any CPU.ActiveCfg = Debug|Any CPU
		{C7152AE3-3855-4F19-A537-BF5F7AD22AC7}.Debug|Any CPU.Build.0 = Debug|Any CPU
		{C7152AE3-3855-4F19-A537-BF5F7AD22AC7}.Release|Any CPU.ActiveCfg = Release|Any CPU
		{C7152AE3-3855-4F19-A537-BF5F7AD22AC7}.Release|Any CPU.Build.0 = Release|Any CPU
	EndGlobalSection
	GlobalSection(SolutionProperties) = preSolution
		HideSolutionNode = FALSE
	EndGlobalSection
	GlobalSection(ExtensibilityGlobals) = postSolution
		SolutionGuid = {BF380CC8-8911-49A1-B7B3-4579792FF17C}
	EndGlobalSection
EndGlobal
